
Microsoft Visual Studio Solution File, Format Version 12.00
# Visual Studio 15
VisualStudioVersion = 15.0.27130.2036
MinimumVisualStudioVersion = 10.0.40219.1
Project("{8BC9CEB8-8B4A-11D0-8D11-00A0C91BC942}") = "Kernel Keyloggere", "Kernel Keyloggere\Kernel Keyloggere.vcxproj", "{30AAC868-FB3E-4ADE-A7FD-C4A0A9C2FBBA}"
EndProject
Global
	GlobalSection(SolutionConfigurationPlatforms) = preSolution
		Debug|ARM = Debug|ARM
		Debug|ARM64 = Debug|ARM64
		Debug|x64 = Debug|x64
		Debug|x86 = Debug|x86
		Release|ARM = Release|ARM
		Release|ARM64 = Release|ARM64
		Release|x64 = Release|x64
		Release|x86 = Release|x86
	EndGlobalSection
	GlobalSection(ProjectConfigurationPlatforms) = postSolution
		{30AAC868-FB3E-4ADE-A7FD-C4A0A9C2FBBA}.Debug|ARM.ActiveCfg = Debug|ARM
		{30AAC868-FB3E-4ADE-A7FD-C4A0A9C2FBBA}.Debug|ARM.Build.0 = Debug|ARM
		{30AAC868-FB3E-4ADE-A7FD-C4A0A9C2FBBA}.Debug|ARM.Deploy.0 = Debug|ARM
		{30AAC868-FB3E-4ADE-A7FD-C4A0A9C2FBBA}.Debug|ARM64.ActiveCfg = Debug|ARM64
		{30AAC868-FB3E-4ADE-A7FD-C4A0A9C2FBBA}.Debug|ARM64.Build.0 = Debug|ARM64
		{30AAC868-FB3E-4ADE-A7FD-C4A0A9C2FBBA}.Debug|ARM64.Deploy.0 = Debug|ARM64
		{30AAC868-FB3E-4ADE-A7FD-C4A0A9C2FBBA}.Debug|x64.ActiveCfg = Debug|x64
		{30AAC868-FB3E-4ADE-A7FD-C4A0A9C2FBBA}.Debug|x64.Build.0 = Debug|x64
		{30AAC868-FB3E-4ADE-A7FD-C4A0A9C2FBBA}.Debug|x64.Deploy.0 = Debug|x64
		{30AAC868-FB3E-4ADE-A7FD-C4A0A9C2FBBA}.Debug|x86.ActiveCfg = Debug|Win32
		{30AAC868-FB3E-4ADE-A7FD-C4A0A9C2FBBA}.Debug|x86.Build.0 = Debug|Win32
		{30AAC868-FB3E-4ADE-A7FD-C4A0A9C2FBBA}.Debug|x86.Deploy.0 = Debug|Win32
		{30AAC868-FB3E-4ADE-A7FD-C4A0A9C2FBBA}.Release|ARM.ActiveCfg = Release|ARM
		{30AAC868-FB3E-4ADE-A7FD-C4A0A9C2FBBA}.Release|ARM.Build.0 = Release|ARM
		{30AAC868-FB3E-4ADE-A7FD-C4A0A9C2FBBA}.Release|ARM.Deploy.0 = Release|ARM
		{30AAC868-FB3E-4ADE-A7FD-C4A0A9C2FBBA}.Release|ARM64.ActiveCfg = Release|ARM64
		{30AAC868-FB3E-4ADE-A7FD-C4A0A9C2FBBA}.Release|ARM64.Build.0 = Release|ARM64
		{30AAC868-FB3E-4ADE-A7FD-C4A0A9C2FBBA}.Release|ARM64.Deploy.0 = Release|ARM64
		{30AAC868-FB3E-4ADE-A7FD-C4A0A9C2FBBA}.Release|x64.ActiveCfg = Release|x64
		{30AAC868-FB3E-4ADE-A7FD-C4A0A9C2FBBA}.Release|x64.Build.0 = Release|x64
		{30AAC868-FB3E-4ADE-A7FD-C4A0A9C2FBBA}.Release|x64.Deploy.0 = Release|x64
		{30AAC868-FB3E-4ADE-A7FD-C4A0A9C2FBBA}.Release|x86.ActiveCfg = Release|Win32
		{30AAC868-FB3E-4ADE-A7FD-C4A0A9C2FBBA}.Release|x86.Build.0 = Release|Win32
		{30AAC868-FB3E-4ADE-A7FD-C4A0A9C2FBBA}.Release|x86.Deploy.0 = Release|Win32
	EndGlobalSection
	GlobalSection(SolutionProperties) = preSolution
		HideSolutionNode = FALSE
	EndGlobalSection
	GlobalSection(ExtensibilityGlobals) = postSolution
		SolutionGuid = {BA2375D0-5D66-4B46-9799-B2812038FCFC}
	EndGlobalSection
EndGlobal
