
Microsoft Visual Studio Solution File, Format Version 12.00
# Visual Studio 15
VisualStudioVersion = 15.0.27130.2036
MinimumVisualStudioVersion = 10.0.40219.1
Project("{8BC9CEB8-8B4A-11D0-8D11-00A0C91BC942}") = "ScsiDummyTest", "ScsiDummyTest\ScsiDummyTest.vcxproj", "{B7BC3452-AE9A-4497-85F1-ACDE38B219BD}"
EndProject
Global
	GlobalSection(SolutionConfigurationPlatforms) = preSolution
		Debug|ARM = Debug|ARM
		Debug|ARM64 = Debug|ARM64
		Debug|x64 = Debug|x64
		Debug|x86 = Debug|x86
		Release|ARM = Release|ARM
		Release|ARM64 = Release|ARM64
		Release|x64 = Release|x64
		Release|x86 = Release|x86
	EndGlobalSection
	GlobalSection(ProjectConfigurationPlatforms) = postSolution
		{B7BC3452-AE9A-4497-85F1-ACDE38B219BD}.Debug|ARM.ActiveCfg = Debug|ARM
		{B7BC3452-AE9A-4497-85F1-ACDE38B219BD}.Debug|ARM.Build.0 = Debug|ARM
		{B7BC3452-AE9A-4497-85F1-ACDE38B219BD}.Debug|ARM.Deploy.0 = Debug|ARM
		{B7BC3452-AE9A-4497-85F1-ACDE38B219BD}.Debug|ARM64.ActiveCfg = Debug|ARM64
		{B7BC3452-AE9A-4497-85F1-ACDE38B219BD}.Debug|ARM64.Build.0 = Debug|ARM64
		{B7BC3452-AE9A-4497-85F1-ACDE38B219BD}.Debug|ARM64.Deploy.0 = Debug|ARM64
		{B7BC3452-AE9A-4497-85F1-ACDE38B219BD}.Debug|x64.ActiveCfg = Debug|x64
		{B7BC3452-AE9A-4497-85F1-ACDE38B219BD}.Debug|x64.Build.0 = Debug|x64
		{B7BC3452-AE9A-4497-85F1-ACDE38B219BD}.Debug|x64.Deploy.0 = Debug|x64
		{B7BC3452-AE9A-4497-85F1-ACDE38B219BD}.Debug|x86.ActiveCfg = Debug|Win32
		{B7BC3452-AE9A-4497-85F1-ACDE38B219BD}.Debug|x86.Build.0 = Debug|Win32
		{B7BC3452-AE9A-4497-85F1-ACDE38B219BD}.Debug|x86.Deploy.0 = Debug|Win32
		{B7BC3452-AE9A-4497-85F1-ACDE38B219BD}.Release|ARM.ActiveCfg = Release|ARM
		{B7BC3452-AE9A-4497-85F1-ACDE38B219BD}.Release|ARM.Build.0 = Release|ARM
		{B7BC3452-AE9A-4497-85F1-ACDE38B219BD}.Release|ARM.Deploy.0 = Release|ARM
		{B7BC3452-AE9A-4497-85F1-ACDE38B219BD}.Release|ARM64.ActiveCfg = Release|ARM64
		{B7BC3452-AE9A-4497-85F1-ACDE38B219BD}.Release|ARM64.Build.0 = Release|ARM64
		{B7BC3452-AE9A-4497-85F1-ACDE38B219BD}.Release|ARM64.Deploy.0 = Release|ARM64
		{B7BC3452-AE9A-4497-85F1-ACDE38B219BD}.Release|x64.ActiveCfg = Release|x64
		{B7BC3452-AE9A-4497-85F1-ACDE38B219BD}.Release|x64.Build.0 = Release|x64
		{B7BC3452-AE9A-4497-85F1-ACDE38B219BD}.Release|x64.Deploy.0 = Release|x64
		{B7BC3452-AE9A-4497-85F1-ACDE38B219BD}.Release|x86.ActiveCfg = Release|Win32
		{B7BC3452-AE9A-4497-85F1-ACDE38B219BD}.Release|x86.Build.0 = Release|Win32
	EndGlobalSection
	GlobalSection(SolutionProperties) = preSolution
		HideSolutionNode = FALSE
	EndGlobalSection
	GlobalSection(ExtensibilityGlobals) = postSolution
		SolutionGuid = {31F6DECD-CE94-4AB8-B31B-25D4F31FBE0C}
	EndGlobalSection
EndGlobal
